// !$*UTF8*$!
{
	archiveVersion = 1;
	classes = {
	};
	objectVersion = 56;
	objects = {

/* Begin PBXBuildFile section */
		C001F001200000000001 /* AUTHandshakeApp.swift in Sources */ = {isa = PBXBuildFile; fileRef = C001F002200000000002 /* AUTHandshakeApp.swift */; };
		C001F003200000000003 /* ContentView.swift in Sources */ = {isa = PBXBuildFile; fileRef = C001F004200000000004 /* ContentView.swift */; };
		C001F005200000000005 /* Models.swift in Sources */ = {isa = PBXBuildFile; fileRef = C001F006200000000006 /* Models.swift */; };
		C001F007200000000007 /* AuthenticationManager.swift in Sources */ = {isa = PBXBuildFile; fileRef = C001F008200000000008 /* AuthenticationManager.swift */; };
		C001F009200000000009 /* NetworkService.swift in Sources */ = {isa = PBXBuildFile; fileRef = C001F010200000000010 /* NetworkService.swift */; };
		C001F011200000000011 /* AdditionalServices.swift in Sources */ = {isa = PBXBuildFile; fileRef = C001F012200000000012 /* AdditionalServices.swift */; };
		C001F013200000000013 /* LoginView.swift in Sources */ = {isa = PBXBuildFile; fileRef = C001F014200000000014 /* LoginView.swift */; };
		C001F015200000000015 /* SignUpView.swift in Sources */ = {isa = PBXBuildFile; fileRef = C001F016200000000016 /* SignUpView.swift */; };
		C001F017200000000017 /* MainTabView.swift in Sources */ = {isa = PBXBuildFile; fileRef = C001F018200000000018 /* MainTabView.swift */; };
		C001F019200000000019 /* DashboardView.swift in Sources */ = {isa = PBXBuildFile; fileRef = C001F020200000000020 /* DashboardView.swift */; };
		C001F021200000000021 /* JobsView.swift in Sources */ = {isa = PBXBuildFile; fileRef = C001F022200000000022 /* JobsView.swift */; };
		C001F023200000000023 /* JobDetailView.swift in Sources */ = {isa = PBXBuildFile; fileRef = C001F024200000000024 /* JobDetailView.swift */; };
		C001F025200000000025 /* ApplicationsView.swift in Sources */ = {isa = PBXBuildFile; fileRef = C001F026200000000026 /* ApplicationsView.swift */; };
		C001F027200000000027 /* MessagesView.swift in Sources */ = {isa = PBXBuildFile; fileRef = C001F028200000000028 /* MessagesView.swift */; };
		C001F029200000000029 /* MessageSupportingViews.swift in Sources */ = {isa = PBXBuildFile; fileRef = C001F030200000000030 /* MessageSupportingViews.swift */; };
		C001F031200000000031 /* NotificationsView.swift in Sources */ = {isa = PBXBuildFile; fileRef = C001F032200000000032 /* NotificationsView.swift */; };
		C001F033200000000033 /* NetworkView.swift in Sources */ = {isa = PBXBuildFile; fileRef = C001F034200000000034 /* NetworkView.swift */; };
		C001F035200000000035 /* EventsView.swift in Sources */ = {isa = PBXBuildFile; fileRef = C001F036200000000036 /* EventsView.swift */; };
		C001F037200000000037 /* ProfileView.swift in Sources */ = {isa = PBXBuildFile; fileRef = C001F038200000000038 /* ProfileView.swift */; };
		C001F039200000000039 /* SearchDiscoveryView.swift in Sources */ = {isa = PBXBuildFile; fileRef = C001F040200000000040 /* SearchDiscoveryView.swift */; };
		C001F041200000000041 /* CompanyProfileView.swift in Sources */ = {isa = PBXBuildFile; fileRef = C001F042200000000042 /* CompanyProfileView.swift */; };
		C001F047200000000047 /* DesignSystem.swift in Sources */ = {isa = PBXBuildFile; fileRef = C001F048200000000048 /* DesignSystem.swift */; };
		C001F043200000000043 /* Assets.xcassets in Resources */ = {isa = PBXBuildFile; fileRef = C001F044200000000044 /* Assets.xcassets */; };
		C001F045200000000045 /* Preview Assets.xcassets in Resources */ = {isa = PBXBuildFile; fileRef = C001F046200000000046 /* Preview Assets.xcassets */; };
/* End PBXBuildFile section */

/* Begin PBXFileReference section */
		C001F050200000000050 /* AUTHandshake.app */ = {isa = PBXFileReference; explicitFileType = wrapper.application; includeInIndex = 0; path = AUTHandshake.app; sourceTree = BUILT_PRODUCTS_DIR; };
		C001F002200000000002 /* AUTHandshakeApp.swift */ = {isa = PBXFileReference; lastKnownFileType = sourcecode.swift; path = AUTHandshakeApp.swift; sourceTree = "<group>"; };
		C001F004200000000004 /* ContentView.swift */ = {isa = PBXFileReference; lastKnownFileType = sourcecode.swift; path = ContentView.swift; sourceTree = "<group>"; };
		C001F006200000000006 /* Models.swift */ = {isa = PBXFileReference; lastKnownFileType = sourcecode.swift; path = Models.swift; sourceTree = "<group>"; };
		C001F008200000000008 /* AuthenticationManager.swift */ = {isa = PBXFileReference; lastKnownFileType = sourcecode.swift; path = AuthenticationManager.swift; sourceTree = "<group>"; };
		C001F010200000000010 /* NetworkService.swift */ = {isa = PBXFileReference; lastKnownFileType = sourcecode.swift; path = NetworkService.swift; sourceTree = "<group>"; };
		C001F012200000000012 /* AdditionalServices.swift */ = {isa = PBXFileReference; lastKnownFileType = sourcecode.swift; path = AdditionalServices.swift; sourceTree = "<group>"; };
		C001F014200000000014 /* LoginView.swift */ = {isa = PBXFileReference; lastKnownFileType = sourcecode.swift; path = LoginView.swift; sourceTree = "<group>"; };
		C001F016200000000016 /* SignUpView.swift */ = {isa = PBXFileReference; lastKnownFileType = sourcecode.swift; path = SignUpView.swift; sourceTree = "<group>"; };
		C001F018200000000018 /* MainTabView.swift */ = {isa = PBXFileReference; lastKnownFileType = sourcecode.swift; path = MainTabView.swift; sourceTree = "<group>"; };
		C001F020200000000020 /* DashboardView.swift */ = {isa = PBXFileReference; lastKnownFileType = sourcecode.swift; path = DashboardView.swift; sourceTree = "<group>"; };
		C001F022200000000022 /* JobsView.swift */ = {isa = PBXFileReference; lastKnownFileType = sourcecode.swift; path = JobsView.swift; sourceTree = "<group>"; };
		C001F024200000000024 /* JobDetailView.swift */ = {isa = PBXFileReference; lastKnownFileType = sourcecode.swift; path = JobDetailView.swift; sourceTree = "<group>"; };
		C001F026200000000026 /* ApplicationsView.swift */ = {isa = PBXFileReference; lastKnownFileType = sourcecode.swift; path = ApplicationsView.swift; sourceTree = "<group>"; };
		C001F028200000000028 /* MessagesView.swift */ = {isa = PBXFileReference; lastKnownFileType = sourcecode.swift; path = MessagesView.swift; sourceTree = "<group>"; };
		C001F030200000000030 /* MessageSupportingViews.swift */ = {isa = PBXFileReference; lastKnownFileType = sourcecode.swift; path = MessageSupportingViews.swift; sourceTree = "<group>"; };
		C001F032200000000032 /* NotificationsView.swift */ = {isa = PBXFileReference; lastKnownFileType = sourcecode.swift; path = NotificationsView.swift; sourceTree = "<group>"; };
		C001F034200000000034 /* NetworkView.swift */ = {isa = PBXFileReference; lastKnownFileType = sourcecode.swift; path = NetworkView.swift; sourceTree = "<group>"; };
		C001F036200000000036 /* EventsView.swift */ = {isa = PBXFileReference; lastKnownFileType = sourcecode.swift; path = EventsView.swift; sourceTree = "<group>"; };
		C001F038200000000038 /* ProfileView.swift */ = {isa = PBXFileReference; lastKnownFileType = sourcecode.swift; path = ProfileView.swift; sourceTree = "<group>"; };
		C001F040200000000040 /* SearchDiscoveryView.swift */ = {isa = PBXFileReference; lastKnownFileType = sourcecode.swift; path = SearchDiscoveryView.swift; sourceTree = "<group>"; };
		C001F042200000000042 /* CompanyProfileView.swift */ = {isa = PBXFileReference; lastKnownFileType = sourcecode.swift; path = CompanyProfileView.swift; sourceTree = "<group>"; };
		C001F044200000000044 /* Assets.xcassets */ = {isa = PBXFileReference; lastKnownFileType = folder.assetcatalog; path = Assets.xcassets; sourceTree = "<group>"; };
		C001F046200000000046 /* Preview Assets.xcassets */ = {isa = PBXFileReference; lastKnownFileType = folder.assetcatalog; path = "Preview Assets.xcassets"; sourceTree = "<group>"; };
		C001F048200000000048 /* DesignSystem.swift */ = {isa = PBXFileReference; lastKnownFileType = sourcecode.swift; path = DesignSystem.swift; sourceTree = "<group>"; };
/* End PBXFileReference section */

/* Begin PBXFrameworksBuildPhase section */
		C001F051200000000051 /* Frameworks */ = {
			isa = PBXFrameworksBuildPhase;
			buildActionMask = 2147483647;
			files = (
			);
			runOnlyForDeploymentPostprocessing = 0;
		};
/* End PBXFrameworksBuildPhase section */

/* Begin PBXGroup section */
		C001F052200000000052 = {
			isa = PBXGroup;
			children = (
				C001F053200000000053 /* AUTHandshake */,
				C001F054200000000054 /* Products */,
			);
			sourceTree = "<group>";
		};
		C001F054200000000054 /* Products */ = {
			isa = PBXGroup;
			children = (
				C001F050200000000050 /* AUTHandshake.app */,
			);
			name = Products;
			sourceTree = "<group>";
		};
		C001F053200000000053 /* AUTHandshake */ = {
			isa = PBXGroup;
			children = (
				C001F002200000000002 /* AUTHandshakeApp.swift */,
				C001F055200000000055 /* Views */,
				C001F056200000000056 /* Models */,
				C001F057200000000057 /* ViewModels */,
				C001F058200000000058 /* Services */,
				C001F059200000000059 /* Utils */,
				C001F060200000000060 /* Resources */,
				C001F044200000000044 /* Assets.xcassets */,
				C001F061200000000061 /* Preview Content */,
			);
			path = AUTHandshake;
			sourceTree = "<group>";
		};
		C001F055200000000055 /* Views */ = {
			isa = PBXGroup;
			children = (
				C001F004200000000004 /* ContentView.swift */,
				C001F014200000000014 /* LoginView.swift */,
				C001F016200000000016 /* SignUpView.swift */,
				C001F018200000000018 /* MainTabView.swift */,
				C001F020200000000020 /* DashboardView.swift */,
				C001F022200000000022 /* JobsView.swift */,
				C001F024200000000024 /* JobDetailView.swift */,
				C001F026200000000026 /* ApplicationsView.swift */,
				C001F028200000000028 /* MessagesView.swift */,
				C001F030200000000030 /* MessageSupportingViews.swift */,
				C001F032200000000032 /* NotificationsView.swift */,
				C001F034200000000034 /* NetworkView.swift */,
				C001F036200000000036 /* EventsView.swift */,
				C001F038200000000038 /* ProfileView.swift */,
				C001F040200000000040 /* SearchDiscoveryView.swift */,
				C001F042200000000042 /* CompanyProfileView.swift */,
			);
			path = Views;
			sourceTree = "<group>";
		};
		C001F056200000000056 /* Models */ = {
			isa = PBXGroup;
			children = (
				C001F006200000000006 /* Models.swift */,
			);
			path = Models;
			sourceTree = "<group>";
		};
		C001F057200000000057 /* ViewModels */ = {
			isa = PBXGroup;
			children = (
				C001F008200000000008 /* AuthenticationManager.swift */,
			);
			path = ViewModels;
			sourceTree = "<group>";
		};
		C001F058200000000058 /* Services */ = {
			isa = PBXGroup;
			children = (
				C001F010200000000010 /* NetworkService.swift */,
				C001F012200000000012 /* AdditionalServices.swift */,
			);
			path = Services;
			sourceTree = "<group>";
		};
		C001F059200000000059 /* Utils */ = {
			isa = PBXGroup;
			children = (
				C001F048200000000048 /* DesignSystem.swift */,
			);
			path = Utils;
			sourceTree = "<group>";
		};
		C001F060200000000060 /* Resources */ = {
			isa = PBXGroup;
			children = (
			);
			path = Resources;
			sourceTree = "<group>";
		};
		C001F061200000000061 /* Preview Content */ = {
			isa = PBXGroup;
			children = (
				C001F046200000000046 /* Preview Assets.xcassets */,
			);
			path = "Preview Content";
			sourceTree = "<group>";
		};
/* End PBXGroup section */

/* Begin PBXNativeTarget section */
		C001F062200000000062 /* AUTHandshake */ = {
			isa = PBXNativeTarget;
			buildConfigurationList = C001F063200000000063 /* Build configuration list for PBXNativeTarget "AUTHandshake" */;
			buildPhases = (
				C001F064200000000064 /* Sources */,
				C001F051200000000051 /* Frameworks */,
				C001F065200000000065 /* Resources */,
			);
			buildRules = (
			);
			dependencies = (
			);
			name = AUTHandshake;
			productName = AUTHandshake;
			productReference = C001F050200000000050 /* AUTHandshake.app */;
			productType = "com.apple.product-type.application";
		};
/* End PBXNativeTarget section */

/* Begin PBXProject section */
		C001F066200000000066 /* Project object */ = {
			isa = PBXProject;
			attributes = {
				BuildIndependentTargetsInParallel = 1;
				LastSwiftUpdateCheck = 1540;
				LastUpgradeCheck = 1540;
				TargetAttributes = {
					C001F062200000000062 = {
						CreatedOnToolsVersion = 15.4;
					};
				};
			};
			buildConfigurationList = C001F067200000000067 /* Build configuration list for PBXProject "AUTHandshake" */;
			compatibilityVersion = "Xcode 14.0";
			developmentRegion = en;
			hasScannedForEncodings = 0;
			knownRegions = (
				en,
				Base,
			);
			mainGroup = C001F052200000000052;
			productRefGroup = C001F054200000000054 /* Products */;
			projectDirPath = "";
			projectRoot = "";
			targets = (
				C001F062200000000062 /* AUTHandshake */,
			);
		};
/* End PBXProject section */

/* Begin PBXResourcesBuildPhase section */
		C001F065200000000065 /* Resources */ = {
			isa = PBXResourcesBuildPhase;
			buildActionMask = 2147483647;
			files = (
				C001F045200000000045 /* Preview Assets.xcassets in Resources */,
				C001F043200000000043 /* Assets.xcassets in Resources */,
			);
			runOnlyForDeploymentPostprocessing = 0;
		};
/* End PBXResourcesBuildPhase section */

/* Begin PBXSourcesBuildPhase section */
		C001F064200000000064 /* Sources */ = {
			isa = PBXSourcesBuildPhase;
			buildActionMask = 2147483647;
			files = (
				C001F001200000000001 /* AUTHandshakeApp.swift in Sources */,
				C001F003200000000003 /* ContentView.swift in Sources */,
				C001F005200000000005 /* Models.swift in Sources */,
				C001F007200000000007 /* AuthenticationManager.swift in Sources */,
				C001F009200000000009 /* NetworkService.swift in Sources */,
				C001F011200000000011 /* AdditionalServices.swift in Sources */,
				C001F013200000000013 /* LoginView.swift in Sources */,
				C001F015200000000015 /* SignUpView.swift in Sources */,
				C001F017200000000017 /* MainTabView.swift in Sources */,
				C001F019200000000019 /* DashboardView.swift in Sources */,
				C001F021200000000021 /* JobsView.swift in Sources */,
				C001F023200000000023 /* JobDetailView.swift in Sources */,
				C001F025200000000025 /* ApplicationsView.swift in Sources */,
				C001F027200000000027 /* MessagesView.swift in Sources */,
				C001F029200000000029 /* MessageSupportingViews.swift in Sources */,
				C001F031200000000031 /* NotificationsView.swift in Sources */,
				C001F033200000000033 /* NetworkView.swift in Sources */,
				C001F035200000000035 /* EventsView.swift in Sources */,
				C001F037200000000037 /* ProfileView.swift in Sources */,
				C001F039200000000039 /* SearchDiscoveryView.swift in Sources */,
				C001F041200000000041 /* CompanyProfileView.swift in Sources */,
				C001F047200000000047 /* DesignSystem.swift in Sources */,
			);
			runOnlyForDeploymentPostprocessing = 0;
		};
/* End PBXSourcesBuildPhase section */

/* Begin XCBuildConfiguration section */
		C001F068200000000068 /* Debug */ = {
			isa = XCBuildConfiguration;
			buildSettings = {
				ALWAYS_SEARCH_USER_PATHS = NO;
				ASSETCATALOG_COMPILER_GENERATE_SWIFT_ASSET_SYMBOL_EXTENSIONS = YES;
				CLANG_ANALYZER_NONNULL = YES;
				CLANG_ANALYZER_NUMBER_OBJECT_CONVERSION = YES_AGGRESSIVE;
				CLANG_CXX_LANGUAGE_STANDARD = "gnu++20";
				CLANG_ENABLE_MODULES = YES;
				CLANG_ENABLE_OBJC_ARC = YES;
				CLANG_ENABLE_OBJC_WEAK = YES;
				CLANG_WARN_BLOCK_CAPTURE_AUTORELEASING = YES;
				CLANG_WARN_BOOL_CONVERSION = YES;
				CLANG_WARN_COMMA = YES;
				CLANG_WARN_CONSTANT_CONVERSION = YES;
				CLANG_WARN_DEPRECATED_OBJC_IMPLEMENTATIONS = YES;
				CLANG_WARN_DIRECT_OBJC_ISA_USAGE = YES_ERROR;
				CLANG_WARN_DOCUMENTATION_COMMENTS = YES;
				CLANG_WARN_EMPTY_BODY = YES;
				CLANG_WARN_ENUM_CONVERSION = YES;
				CLANG_WARN_INFINITE_RECURSION = YES;
				CLANG_WARN_INT_CONVERSION = YES;
				CLANG_WARN_NON_LITERAL_NULL_CONVERSION = YES;
				CLANG_WARN_OBJC_IMPLICIT_RETAIN_SELF = YES;
				CLANG_WARN_OBJC_LITERAL_CONVERSION = YES;
				CLANG_WARN_OBJC_ROOT_CLASS = YES_ERROR;
				CLANG_WARN_QUOTED_INCLUDE_IN_FRAMEWORK_HEADER = YES;
				CLANG_WARN_RANGE_LOOP_ANALYSIS = YES;
				CLANG_WARN_STRICT_PROTOTYPES = YES;
				CLANG_WARN_SUSPICIOUS_MOVE = YES;
				CLANG_WARN_UNGUARDED_AVAILABILITY = YES_AGGRESSIVE;
				CLANG_WARN_UNREACHABLE_CODE = YES;
				CLANG_WARN__DUPLICATE_METHOD_MATCH = YES;
				COPY_PHASE_STRIP = NO;
				DEBUG_INFORMATION_FORMAT = dwarf;
				ENABLE_STRICT_OBJC_MSGSEND = YES;
				ENABLE_TESTABILITY = YES;
				ENABLE_USER_SCRIPT_SANDBOXING = YES;
				GCC_C_LANGUAGE_STANDARD = gnu17;
				GCC_DYNAMIC_NO_PIC = NO;
				GCC_NO_COMMON_BLOCKS = YES;
				GCC_OPTIMIZATION_LEVEL = 0;
				GCC_PREPROCESSOR_DEFINITIONS = (
					"DEBUG=1",
					"$(inherited)",
				);
				GCC_WARN_64_TO_32_BIT_CONVERSION = YES;
				GCC_WARN_ABOUT_RETURN_TYPE = YES_ERROR;
				GCC_WARN_UNDECLARED_SELECTOR = YES;
				GCC_WARN_UNINITIALIZED_AUTOS = YES_AGGRESSIVE;
				GCC_WARN_UNUSED_FUNCTION = YES;
				GCC_WARN_UNUSED_VARIABLE = YES;
				IPHONEOS_DEPLOYMENT_TARGET = 17.5;
				LOCALIZATION_PREFERS_STRING_CATALOGS = YES;
				MTL_ENABLE_DEBUG_INFO = INCLUDE_SOURCE;
				MTL_FAST_MATH = YES;
				ONLY_ACTIVE_ARCH = YES;
				SDKROOT = iphoneos;
				SWIFT_ACTIVE_COMPILATION_CONDITIONS = "DEBUG $(inherited)";
				SWIFT_OPTIMIZATION_LEVEL = "-Onone";
			};
			name = Debug;
		};
		C001F069200000000069 /* Release */ = {
			isa = XCBuildConfiguration;
			buildSettings = {
				ALWAYS_SEARCH_USER_PATHS = NO;
				ASSETCATALOG_COMPILER_GENERATE_SWIFT_ASSET_SYMBOL_EXTENSIONS = YES;
				CLANG_ANALYZER_NONNULL = YES;
				CLANG_ANALYZER_NUMBER_OBJECT_CONVERSION = YES_AGGRESSIVE;
				CLANG_CXX_LANGUAGE_STANDARD = "gnu++20";
				CLANG_ENABLE_MODULES = YES;
				CLANG_ENABLE_OBJC_ARC = YES;
				CLANG_ENABLE_OBJC_WEAK = YES;
				CLANG_WARN_BLOCK_CAPTURE_AUTORELEASING = YES;
				CLANG_WARN_BOOL_CONVERSION = YES;
				CLANG_WARN_COMMA = YES;
				CLANG_WARN_CONSTANT_CONVERSION = YES;
				CLANG_WARN_DEPRECATED_OBJC_IMPLEMENTATIONS = YES;
				CLANG_WARN_DIRECT_OBJC_ISA_USAGE = YES_ERROR;
				CLANG_WARN_DOCUMENTATION_COMMENTS = YES;
				CLANG_WARN_EMPTY_BODY = YES;
				CLANG_WARN_ENUM_CONVERSION = YES;
				CLANG_WARN_INFINITE_RECURSION = YES;
				CLANG_WARN_INT_CONVERSION = YES;
				CLANG_WARN_NON_LITERAL_NULL_CONVERSION = YES;
				CLANG_WARN_OBJC_IMPLICIT_RETAIN_SELF = YES;
				CLANG_WARN_OBJC_LITERAL_CONVERSION = YES;
				CLANG_WARN_OBJC_ROOT_CLASS = YES_ERROR;
				CLANG_WARN_QUOTED_INCLUDE_IN_FRAMEWORK_HEADER = YES;
				CLANG_WARN_RANGE_LOOP_ANALYSIS = YES;
				CLANG_WARN_STRICT_PROTOTYPES = YES;
				CLANG_WARN_SUSPICIOUS_MOVE = YES;
				CLANG_WARN_UNGUARDED_AVAILABILITY = YES_AGGRESSIVE;
				CLANG_WARN_UNREACHABLE_CODE = YES;
				CLANG_WARN__DUPLICATE_METHOD_MATCH = YES;
				COPY_PHASE_STRIP = NO;
				DEBUG_INFORMATION_FORMAT = "dwarf-with-dsym";
				ENABLE_NS_ASSERTIONS = NO;
				ENABLE_STRICT_OBJC_MSGSEND = YES;
				ENABLE_USER_SCRIPT_SANDBOXING = YES;
				GCC_C_LANGUAGE_STANDARD = gnu17;
				GCC_NO_COMMON_BLOCKS = YES;
				GCC_WARN_64_TO_32_BIT_CONVERSION = YES;
				GCC_WARN_ABOUT_RETURN_TYPE = YES_ERROR;
				GCC_WARN_UNDECLARED_SELECTOR = YES;
				GCC_WARN_UNINITIALIZED_AUTOS = YES_AGGRESSIVE;
				GCC_WARN_UNUSED_FUNCTION = YES;
				GCC_WARN_UNUSED_VARIABLE = YES;
				IPHONEOS_DEPLOYMENT_TARGET = 17.5;
				LOCALIZATION_PREFERS_STRING_CATALOGS = YES;
				MTL_ENABLE_DEBUG_INFO = NO;
				MTL_FAST_MATH = YES;
				SDKROOT = iphoneos;
				SWIFT_COMPILATION_MODE = wholemodule;
				VALIDATE_PRODUCT = YES;
			};
			name = Release;
		};
		C001F070200000000070 /* Debug */ = {
			isa = XCBuildConfiguration;
			buildSettings = {
				ASSETCATALOG_COMPILER_APPICON_NAME = AppIcon;
				ASSETCATALOG_COMPILER_GLOBAL_ACCENT_COLOR_NAME = AccentColor;
				CODE_SIGN_STYLE = Automatic;
				CURRENT_PROJECT_VERSION = 1;
				DEVELOPMENT_ASSET_PATHS = "\"AUTHandshake/Preview Content\"";
				ENABLE_PREVIEWS = YES;
				GENERATE_INFOPLIST_FILE = YES;
				INFOPLIST_KEY_UIApplicationSceneManifest_Generation = YES;
				INFOPLIST_KEY_UIApplicationSupportsIndirectInputEvents = YES;
				INFOPLIST_KEY_UILaunchScreen_Generation = YES;
				INFOPLIST_KEY_UISupportedInterfaceOrientations_iPad = "UIInterfaceOrientationPortrait UIInterfaceOrientationPortraitUpsideDown UIInterfaceOrientationLandscapeLeft UIInterfaceOrientationLandscapeRight";
				INFOPLIST_KEY_UISupportedInterfaceOrientations_iPhone = "UIInterfaceOrientationPortrait UIInterfaceOrientationLandscapeLeft UIInterfaceOrientationLandscapeRight";
				LD_RUNPATH_SEARCH_PATHS = (
					"$(inherited)",
					"@executable_path/Frameworks",
				);
				MARKETING_VERSION = 1.0;
				PRODUCT_BUNDLE_IDENTIFIER = com.aut.handshake;
				PRODUCT_NAME = "$(TARGET_NAME)";
				SWIFT_EMIT_LOC_STRINGS = YES;
				SWIFT_VERSION = 5.0;
				TARGETED_DEVICE_FAMILY = "1,2";
			};
			name = Debug;
		};
		C001F071200000000071 /* Release */ = {
			isa = XCBuildConfiguration;
			buildSettings = {
				ASSETCATALOG_COMPILER_APPICON_NAME = AppIcon;
				ASSETCATALOG_COMPILER_GLOBAL_ACCENT_COLOR_NAME = AccentColor;
				CODE_SIGN_STYLE = Automatic;
				CURRENT_PROJECT_VERSION = 1;
				DEVELOPMENT_ASSET_PATHS = "\"AUTHandshake/Preview Content\"";
				ENABLE_PREVIEWS = YES;
				GENERATE_INFOPLIST_FILE = YES;
				INFOPLIST_KEY_UIApplicationSceneManifest_Generation = YES;
				INFOPLIST_KEY_UIApplicationSupportsIndirectInputEvents = YES;
				INFOPLIST_KEY_UILaunchScreen_Generation = YES;
				INFOPLIST_KEY_UISupportedInterfaceOrientations_iPad = "UIInterfaceOrientationPortrait UIInterfaceOrientationPortraitUpsideDown UIInterfaceOrientationLandscapeLeft UIInterfaceOrientationLandscapeRight";
				INFOPLIST_KEY_UISupportedInterfaceOrientations_iPhone = "UIInterfaceOrientationPortrait UIInterfaceOrientationLandscapeLeft UIInterfaceOrientationLandscapeRight";
				LD_RUNPATH_SEARCH_PATHS = (
					"$(inherited)",
					"@executable_path/Frameworks",
				);
				MARKETING_VERSION = 1.0;
				PRODUCT_BUNDLE_IDENTIFIER = com.aut.handshake;
				PRODUCT_NAME = "$(TARGET_NAME)";
				SWIFT_EMIT_LOC_STRINGS = YES;
				SWIFT_VERSION = 5.0;
				TARGETED_DEVICE_FAMILY = "1,2";
			};
			name = Release;
		};
/* End XCBuildConfiguration section */

/* Begin XCConfigurationList section */
		C001F067200000000067 /* Build configuration list for PBXProject "AUTHandshake" */ = {
			isa = XCConfigurationList;
			buildConfigurations = (
				C001F068200000000068 /* Debug */,
				C001F069200000000069 /* Release */,
			);
			defaultConfigurationIsVisible = 0;
			defaultConfigurationName = Release;
		};
		C001F063200000000063 /* Build configuration list for PBXNativeTarget "AUTHandshake" */ = {
			isa = XCConfigurationList;
			buildConfigurations = (
				C001F070200000000070 /* Debug */,
				C001F071200000000071 /* Release */,
			);
			defaultConfigurationIsVisible = 0;
			defaultConfigurationName = Release;
		};
/* End XCConfigurationList section */
	};
	rootObject = C001F066200000000066 /* Project object */;
}